
Microsoft Visual Studio Solution File, Format Version 12.00
# Visual Studio Version 17
VisualStudioVersion = 17.9.34616.47
MinimumVisualStudioVersion = 10.0.40219.1
Project("{FAE04EC0-301F-11D3-BF4B-00C04F79EFBC}") = "PL_laba2", "PL_laba2.csproj", "{36537EB1-1093-42D6-98AC-5D918A4E4178}"
EndProject
Global
	GlobalSection(SolutionConfigurationPlatforms) = preSolution
		Debug|Any CPU = Debug|Any CPU
		Release|Any CPU = Release|Any CPU
	EndGlobalSection
	GlobalSection(ProjectConfigurationPlatforms) = postSolution
		{36537EB1-1093-42D6-98AC-5D918A4E4178}.Debug|Any CPU.ActiveCfg = Debug|Any CPU
		{36537EB1-1093-42D6-98AC-5D918A4E4178}.Debug|Any CPU.Build.0 = Debug|Any CPU
		{36537EB1-1093-42D6-98AC-5D918A4E4178}.Release|Any CPU.ActiveCfg = Release|Any CPU
		{36537EB1-1093-42D6-98AC-5D918A4E4178}.Release|Any CPU.Build.0 = Release|Any CPU
	EndGlobalSection
	GlobalSection(SolutionProperties) = preSolution
		HideSolutionNode = FALSE
	EndGlobalSection
	GlobalSection(ExtensibilityGlobals) = postSolution
		SolutionGuid = {18D20973-9A0B-48AA-BE65-8A51AC4D5D19}
	EndGlobalSection
EndGlobal
